
Microsoft Visual Studio Solution File, Format Version 12.00
# Visual Studio 15
Project("{FAE04EC0-301F-11D3-BF4B-00C04F79EFBC}") = "Assembly-CSharp", "Assembly-CSharp.csproj", "{736103BE-0AEC-2C96-72BD-0968FD880182}"
EndProject
Project("{FAE04EC0-301F-11D3-BF4B-00C04F79EFBC}") = "Assembly-CSharp-Editor", "Assembly-CSharp-Editor.csproj", "{D51A12DF-509F-CB11-1814-16D7CBC738E6}"
EndProject
Global
	GlobalSection(SolutionConfigurationPlatforms) = preSolution
		Debug|Any CPU = Debug|Any CPU
		Release|Any CPU = Release|Any CPU
	EndGlobalSection
	GlobalSection(ProjectConfigurationPlatforms) = postSolution
		{736103BE-0AEC-2C96-72BD-0968FD880182}.Debug|Any CPU.ActiveCfg = Debug|Any CPU
		{736103BE-0AEC-2C96-72BD-0968FD880182}.Debug|Any CPU.Build.0 = Debug|Any CPU
		{736103BE-0AEC-2C96-72BD-0968FD880182}.Release|Any CPU.ActiveCfg = Release|Any CPU
		{736103BE-0AEC-2C96-72BD-0968FD880182}.Release|Any CPU.Build.0 = Release|Any CPU
		{D51A12DF-509F-CB11-1814-16D7CBC738E6}.Debug|Any CPU.ActiveCfg = Debug|Any CPU
		{D51A12DF-509F-CB11-1814-16D7CBC738E6}.Debug|Any CPU.Build.0 = Debug|Any CPU
		{D51A12DF-509F-CB11-1814-16D7CBC738E6}.Release|Any CPU.ActiveCfg = Release|Any CPU
		{D51A12DF-509F-CB11-1814-16D7CBC738E6}.Release|Any CPU.Build.0 = Release|Any CPU
	EndGlobalSection
	GlobalSection(SolutionProperties) = preSolution
		HideSolutionNode = FALSE
	EndGlobalSection
EndGlobal
